// !$*UTF8*$!
{
	archiveVersion = 1;
	classes = {
	};
	objectVersion = 48;
	objects = {

/* Begin PBXBuildFile section */
		6A2B14E91FA1E28C00EF5C9C /* KeychainWrapper.m in Sources */ = {isa = PBXBuildFile; fileRef = 6A2B14E71FA1E28C00EF5C9C /* KeychainWrapper.m */; };
		6A3083DF1FA183FD00AB8675 /* YYBaseViewController.m in Sources */ = {isa = PBXBuildFile; fileRef = 6A3083DE1FA183FD00AB8675 /* YYBaseViewController.m */; };
		6A3083F31FA1899F00AB8675 /* YYHomePageViewController.m in Sources */ = {isa = PBXBuildFile; fileRef = 6A3083F21FA1899F00AB8675 /* YYHomePageViewController.m */; };
		6A3083F61FA189BC00AB8675 /* YYInvestmentViewController.m in Sources */ = {isa = PBXBuildFile; fileRef = 6A3083F51FA189BC00AB8675 /* YYInvestmentViewController.m */; };
		6A3083F91FA189DC00AB8675 /* YYWithdrawDepositViewController.m in Sources */ = {isa = PBXBuildFile; fileRef = 6A3083F81FA189DC00AB8675 /* YYWithdrawDepositViewController.m */; };
		6A3083FC1FA18A0700AB8675 /* YYPesonalCenterViewController.m in Sources */ = {isa = PBXBuildFile; fileRef = 6A3083FB1FA18A0700AB8675 /* YYPesonalCenterViewController.m */; };
		6A3084461FA1AF9D00AB8675 /* MJRefreshAutoFooter.m in Sources */ = {isa = PBXBuildFile; fileRef = 6A30841A1FA1AF9D00AB8675 /* MJRefreshAutoFooter.m */; };
		6A3084471FA1AF9D00AB8675 /* MJRefreshBackFooter.m in Sources */ = {isa = PBXBuildFile; fileRef = 6A30841C1FA1AF9D00AB8675 /* MJRefreshBackFooter.m */; };
		6A3084481FA1AF9D00AB8675 /* MJRefreshComponent.m in Sources */ = {isa = PBXBuildFile; fileRef = 6A30841E1FA1AF9D00AB8675 /* MJRefreshComponent.m */; };
		6A3084491FA1AF9D00AB8675 /* MJRefreshFooter.m in Sources */ = {isa = PBXBuildFile; fileRef = 6A3084201FA1AF9D00AB8675 /* MJRefreshFooter.m */; };
		6A30844A1FA1AF9D00AB8675 /* MJRefreshHeader.m in Sources */ = {isa = PBXBuildFile; fileRef = 6A3084221FA1AF9D00AB8675 /* MJRefreshHeader.m */; };
		6A30844B1FA1AF9D00AB8675 /* MJRefreshAutoGifFooter.m in Sources */ = {isa = PBXBuildFile; fileRef = 6A3084271FA1AF9D00AB8675 /* MJRefreshAutoGifFooter.m */; };
		6A30844C1FA1AF9D00AB8675 /* MJRefreshAutoNormalFooter.m in Sources */ = {isa = PBXBuildFile; fileRef = 6A3084291FA1AF9D00AB8675 /* MJRefreshAutoNormalFooter.m */; };
		6A30844D1FA1AF9D00AB8675 /* MJRefreshAutoStateFooter.m in Sources */ = {isa = PBXBuildFile; fileRef = 6A30842B1FA1AF9D00AB8675 /* MJRefreshAutoStateFooter.m */; };
		6A30844E1FA1AF9D00AB8675 /* MJRefreshBackGifFooter.m in Sources */ = {isa = PBXBuildFile; fileRef = 6A30842E1FA1AF9D00AB8675 /* MJRefreshBackGifFooter.m */; };
		6A30844F1FA1AF9D00AB8675 /* MJRefreshBackNormalFooter.m in Sources */ = {isa = PBXBuildFile; fileRef = 6A3084301FA1AF9D00AB8675 /* MJRefreshBackNormalFooter.m */; };
		6A3084501FA1AF9D00AB8675 /* MJRefreshBackStateFooter.m in Sources */ = {isa = PBXBuildFile; fileRef = 6A3084321FA1AF9D00AB8675 /* MJRefreshBackStateFooter.m */; };
		6A3084511FA1AF9D00AB8675 /* MJRefreshGifHeader.m in Sources */ = {isa = PBXBuildFile; fileRef = 6A3084351FA1AF9D00AB8675 /* MJRefreshGifHeader.m */; };
		6A3084521FA1AF9D00AB8675 /* MJRefreshNormalHeader.m in Sources */ = {isa = PBXBuildFile; fileRef = 6A3084371FA1AF9D00AB8675 /* MJRefreshNormalHeader.m */; };
		6A3084531FA1AF9D00AB8675 /* MJRefreshStateHeader.m in Sources */ = {isa = PBXBuildFile; fileRef = 6A3084391FA1AF9D00AB8675 /* MJRefreshStateHeader.m */; };
		6A3084541FA1AF9D00AB8675 /* MJRefresh.bundle in Resources */ = {isa = PBXBuildFile; fileRef = 6A30843A1FA1AF9D00AB8675 /* MJRefresh.bundle */; };
		6A3084551FA1AF9D00AB8675 /* MJRefreshConst.m in Sources */ = {isa = PBXBuildFile; fileRef = 6A30843D1FA1AF9D00AB8675 /* MJRefreshConst.m */; };
		6A3084561FA1AF9D00AB8675 /* NSBundle+MJRefresh.m in Sources */ = {isa = PBXBuildFile; fileRef = 6A30843F1FA1AF9D00AB8675 /* NSBundle+MJRefresh.m */; };
		6A3084571FA1AF9D00AB8675 /* UIScrollView+MJExtension.m in Sources */ = {isa = PBXBuildFile; fileRef = 6A3084411FA1AF9D00AB8675 /* UIScrollView+MJExtension.m */; };
		6A3084581FA1AF9D00AB8675 /* UIScrollView+MJRefresh.m in Sources */ = {isa = PBXBuildFile; fileRef = 6A3084431FA1AF9D00AB8675 /* UIScrollView+MJRefresh.m */; };
		6A3084591FA1AF9D00AB8675 /* UIView+MJExtension.m in Sources */ = {isa = PBXBuildFile; fileRef = 6A3084451FA1AF9D00AB8675 /* UIView+MJExtension.m */; };
		6A30847E1FA1B87900AB8675 /* UIImage+Color.m in Sources */ = {isa = PBXBuildFile; fileRef = 6A30847B1FA1B87900AB8675 /* UIImage+Color.m */; };
		6A30847F1FA1B87900AB8675 /* UIImage+Circle.m in Sources */ = {isa = PBXBuildFile; fileRef = 6A30847D1FA1B87900AB8675 /* UIImage+Circle.m */; };
		6A3084821FA1B8B800AB8675 /* UIView+FindUIViewController.m in Sources */ = {isa = PBXBuildFile; fileRef = 6A3084801FA1B8B700AB8675 /* UIView+FindUIViewController.m */; };
		6A3084851FA1B94800AB8675 /* UIViewController+runtime.m in Sources */ = {isa = PBXBuildFile; fileRef = 6A3084841FA1B94800AB8675 /* UIViewController+runtime.m */; };
		6A30848A1FA1B98E00AB8675 /* UIView+Size.m in Sources */ = {isa = PBXBuildFile; fileRef = 6A3084861FA1B98D00AB8675 /* UIView+Size.m */; };
		6A30848B1FA1B98E00AB8675 /* UIView+create.m in Sources */ = {isa = PBXBuildFile; fileRef = 6A3084871FA1B98E00AB8675 /* UIView+create.m */; };
		6A30848E1FA1B9B800AB8675 /* UIButton+Block.m in Sources */ = {isa = PBXBuildFile; fileRef = 6A30848D1FA1B9B800AB8675 /* UIButton+Block.m */; };
		6A3084911FA1B9C900AB8675 /* UIColor+extend.m in Sources */ = {isa = PBXBuildFile; fileRef = 6A30848F1FA1B9C800AB8675 /* UIColor+extend.m */; };
		6A3084981FA1BA0E00AB8675 /* NSMutableArray+safe.m in Sources */ = {isa = PBXBuildFile; fileRef = 6A3084921FA1BA0C00AB8675 /* NSMutableArray+safe.m */; };
		6A3084991FA1BA0E00AB8675 /* NSMutableSet+safe.m in Sources */ = {isa = PBXBuildFile; fileRef = 6A3084951FA1BA0D00AB8675 /* NSMutableSet+safe.m */; };
		6A30849A1FA1BA0E00AB8675 /* NSMutableDictionary+safe.m in Sources */ = {isa = PBXBuildFile; fileRef = 6A3084961FA1BA0D00AB8675 /* NSMutableDictionary+safe.m */; };
		6A3084A31FA1BA4700AB8675 /* EDCryptoUtil.m in Sources */ = {isa = PBXBuildFile; fileRef = 6A30849C1FA1BA4200AB8675 /* EDCryptoUtil.m */; };
		6A3084A41FA1BA4700AB8675 /* NSObject+runtime.m in Sources */ = {isa = PBXBuildFile; fileRef = 6A30849D1FA1BA4300AB8675 /* NSObject+runtime.m */; };
		6A3084A51FA1BA4700AB8675 /* EDBase64Util.m in Sources */ = {isa = PBXBuildFile; fileRef = 6A30849E1FA1BA4300AB8675 /* EDBase64Util.m */; };
		6A3084A61FA1BA4700AB8675 /* NSString+MD5.m in Sources */ = {isa = PBXBuildFile; fileRef = 6A3084A01FA1BA4400AB8675 /* NSString+MD5.m */; };
		6A3084A91FA1BABE00AB8675 /* YYGlobal.m in Sources */ = {isa = PBXBuildFile; fileRef = 6A3084A81FA1BABE00AB8675 /* YYGlobal.m */; };
		6A3084AC1FA1BAE400AB8675 /* YYDeviceInfo.m in Sources */ = {isa = PBXBuildFile; fileRef = 6A3084AB1FA1BAE400AB8675 /* YYDeviceInfo.m */; };
		6A3084AF1FA1BB0F00AB8675 /* YYClientInfo.m in Sources */ = {isa = PBXBuildFile; fileRef = 6A3084AE1FA1BB0F00AB8675 /* YYClientInfo.m */; };
		6A3084B51FA1BEF400AB8675 /* NJKWebViewProgressView.m in Sources */ = {isa = PBXBuildFile; fileRef = 6A3084B31FA1BEF300AB8675 /* NJKWebViewProgressView.m */; };
		6A3084B61FA1BEF400AB8675 /* NJKWebViewProgress.m in Sources */ = {isa = PBXBuildFile; fileRef = 6A3084B41FA1BEF400AB8675 /* NJKWebViewProgress.m */; };
		6A3084BC1FA1C08000AB8675 /* YYWebViewController.m in Sources */ = {isa = PBXBuildFile; fileRef = 6A3084BB1FA1C08000AB8675 /* YYWebViewController.m */; };
		6A3084BF1FA1D73000AB8675 /* iconfont.ttf in Resources */ = {isa = PBXBuildFile; fileRef = 6A3084BE1FA1D71B00AB8675 /* iconfont.ttf */; };
		6A3084C61FA1D79A00AB8675 /* TBCityIconInfo.m in Sources */ = {isa = PBXBuildFile; fileRef = 6A3084C11FA1D79700AB8675 /* TBCityIconInfo.m */; };
		6A3084C71FA1D79B00AB8675 /* UIImage+TBCityIconFont.m in Sources */ = {isa = PBXBuildFile; fileRef = 6A3084C31FA1D79800AB8675 /* UIImage+TBCityIconFont.m */; };
		6A3084C81FA1D79B00AB8675 /* TBCityIconFont.m in Sources */ = {isa = PBXBuildFile; fileRef = 6A3084C51FA1D79A00AB8675 /* TBCityIconFont.m */; };
		6A47D81F1FA6F6810051B221 /* HTHorizontalSelectionListScrollView.m in Sources */ = {isa = PBXBuildFile; fileRef = 6A47D81B1FA6F6800051B221 /* HTHorizontalSelectionListScrollView.m */; };
		6A47D8201FA6F6810051B221 /* HTHorizontalSelectionList.m in Sources */ = {isa = PBXBuildFile; fileRef = 6A47D81C1FA6F6800051B221 /* HTHorizontalSelectionList.m */; };
		6A47E0691FA300A10081D550 /* YYMessageViewController.m in Sources */ = {isa = PBXBuildFile; fileRef = 6A47E0681FA300A10081D550 /* YYMessageViewController.m */; };
		6A47E06C1FA306A20081D550 /* YYBaseNavigationController.m in Sources */ = {isa = PBXBuildFile; fileRef = 6A47E06B1FA306A20081D550 /* YYBaseNavigationController.m */; };
		6A5F347F1FA6BA4E00FED9EF /* YYPesonalCenterTableViewCell.m in Sources */ = {isa = PBXBuildFile; fileRef = 6A5F347E1FA6BA4E00FED9EF /* YYPesonalCenterTableViewCell.m */; };
		6A5F34851FA6CE4300FED9EF /* YYSignInViewController.m in Sources */ = {isa = PBXBuildFile; fileRef = 6A5F34841FA6CE4300FED9EF /* YYSignInViewController.m */; };
		6A5F34881FA6CE5100FED9EF /* YYSingUpViewController.m in Sources */ = {isa = PBXBuildFile; fileRef = 6A5F34871FA6CE5100FED9EF /* YYSingUpViewController.m */; };
		6A7C35B71FA8181B00F277F5 /* YYGetVerificationCodeButton.m in Sources */ = {isa = PBXBuildFile; fileRef = 6A7C35B61FA8181B00F277F5 /* YYGetVerificationCodeButton.m */; };
		6A7C35BA1FA8329400F277F5 /* YYActionButton.m in Sources */ = {isa = PBXBuildFile; fileRef = 6A7C35B91FA8329400F277F5 /* YYActionButton.m */; };
		6AD9789F1FA0859D009D66AD /* AppDelegate.m in Sources */ = {isa = PBXBuildFile; fileRef = 6AD9789E1FA0859D009D66AD /* AppDelegate.m */; };
		6AD978A71FA0859D009D66AD /* Assets.xcassets in Resources */ = {isa = PBXBuildFile; fileRef = 6AD978A61FA0859D009D66AD /* Assets.xcassets */; };
		6AD978AA1FA0859D009D66AD /* LaunchScreen.storyboard in Resources */ = {isa = PBXBuildFile; fileRef = 6AD978A81FA0859D009D66AD /* LaunchScreen.storyboard */; };
		6AD978AD1FA0859D009D66AD /* main.m in Sources */ = {isa = PBXBuildFile; fileRef = 6AD978AC1FA0859D009D66AD /* main.m */; };
		6AD978B71FA0859D009D66AD /* YouYiTests.m in Sources */ = {isa = PBXBuildFile; fileRef = 6AD978B61FA0859D009D66AD /* YouYiTests.m */; };
		6AD978C21FA0859D009D66AD /* YouYiUITests.m in Sources */ = {isa = PBXBuildFile; fileRef = 6AD978C11FA0859D009D66AD /* YouYiUITests.m */; };
		840B0B2FB700BC13537A7951 /* libPods-YouYi.a in Frameworks */ = {isa = PBXBuildFile; fileRef = 26C8C37D6BF13A888352C589 /* libPods-YouYi.a */; };
/* End PBXBuildFile section */

/* Begin PBXContainerItemProxy section */
		6AD978B31FA0859D009D66AD /* PBXContainerItemProxy */ = {
			isa = PBXContainerItemProxy;
			containerPortal = 6AD978921FA0859D009D66AD /* Project object */;
			proxyType = 1;
			remoteGlobalIDString = 6AD978991FA0859D009D66AD;
			remoteInfo = YouYi;
		};
		6AD978BE1FA0859D009D66AD /* PBXContainerItemProxy */ = {
			isa = PBXContainerItemProxy;
			containerPortal = 6AD978921FA0859D009D66AD /* Project object */;
			proxyType = 1;
			remoteGlobalIDString = 6AD978991FA0859D009D66AD;
			remoteInfo = YouYi;
		};
/* End PBXContainerItemProxy section */

/* Begin PBXFileReference section */
		1167FE9A48E21A23E1D4ED48 /* Pods-YouYi.release.xcconfig */ = {isa = PBXFileReference; includeInIndex = 1; lastKnownFileType = text.xcconfig; name = "Pods-YouYi.release.xcconfig"; path = "Pods/Target Support Files/Pods-YouYi/Pods-YouYi.release.xcconfig"; sourceTree = "<group>"; };
		26C8C37D6BF13A888352C589 /* libPods-YouYi.a */ = {isa = PBXFileReference; explicitFileType = archive.ar; includeInIndex = 0; path = "libPods-YouYi.a"; sourceTree = BUILT_PRODUCTS_DIR; };
		6A2B14E71FA1E28C00EF5C9C /* KeychainWrapper.m */ = {isa = PBXFileReference; fileEncoding = 4; lastKnownFileType = sourcecode.c.objc; path = KeychainWrapper.m; sourceTree = "<group>"; };
		6A2B14E81FA1E28C00EF5C9C /* KeychainWrapper.h */ = {isa = PBXFileReference; fileEncoding = 4; lastKnownFileType = sourcecode.c.h; path = KeychainWrapper.h; sourceTree = "<group>"; };
		6A3083DD1FA183FD00AB8675 /* YYBaseViewController.h */ = {isa = PBXFileReference; lastKnownFileType = sourcecode.c.h; path = YYBaseViewController.h; sourceTree = "<group>"; };
		6A3083DE1FA183FD00AB8675 /* YYBaseViewController.m */ = {isa = PBXFileReference; lastKnownFileType = sourcecode.c.objc; path = YYBaseViewController.m; sourceTree = "<group>"; };
		6A3083F11FA1899F00AB8675 /* YYHomePageViewController.h */ = {isa = PBXFileReference; lastKnownFileType = sourcecode.c.h; path = YYHomePageViewController.h; sourceTree = "<group>"; };
		6A3083F21FA1899F00AB8675 /* YYHomePageViewController.m */ = {isa = PBXFileReference; lastKnownFileType = sourcecode.c.objc; path = YYHomePageViewController.m; sourceTree = "<group>"; };
		6A3083F41FA189BC00AB8675 /* YYInvestmentViewController.h */ = {isa = PBXFileReference; lastKnownFileType = sourcecode.c.h; path = YYInvestmentViewController.h; sourceTree = "<group>"; };
		6A3083F51FA189BC00AB8675 /* YYInvestmentViewController.m */ = {isa = PBXFileReference; lastKnownFileType = sourcecode.c.objc; path = YYInvestmentViewController.m; sourceTree = "<group>"; };
		6A3083F71FA189DC00AB8675 /* YYWithdrawDepositViewController.h */ = {isa = PBXFileReference; lastKnownFileType = sourcecode.c.h; path = YYWithdrawDepositViewController.h; sourceTree = "<group>"; };
		6A3083F81FA189DC00AB8675 /* YYWithdrawDepositViewController.m */ = {isa = PBXFileReference; lastKnownFileType = sourcecode.c.objc; path = YYWithdrawDepositViewController.m; sourceTree = "<group>"; };
		6A3083FA1FA18A0700AB8675 /* YYPesonalCenterViewController.h */ = {isa = PBXFileReference; lastKnownFileType = sourcecode.c.h; path = YYPesonalCenterViewController.h; sourceTree = "<group>"; };
		6A3083FB1FA18A0700AB8675 /* YYPesonalCenterViewController.m */ = {isa = PBXFileReference; lastKnownFileType = sourcecode.c.objc; path = YYPesonalCenterViewController.m; sourceTree = "<group>"; };
		6A3083FD1FA1901800AB8675 /* PrefixHeader.pch */ = {isa = PBXFileReference; lastKnownFileType = sourcecode.c.h; path = PrefixHeader.pch; sourceTree = "<group>"; };
		6A3084191FA1AF9D00AB8675 /* MJRefreshAutoFooter.h */ = {isa = PBXFileReference; fileEncoding = 4; lastKnownFileType = sourcecode.c.h; path = MJRefreshAutoFooter.h; sourceTree = "<group>"; };
		6A30841A1FA1AF9D00AB8675 /* MJRefreshAutoFooter.m */ = {isa = PBXFileReference; fileEncoding = 4; lastKnownFileType = sourcecode.c.objc; path = MJRefreshAutoFooter.m; sourceTree = "<group>"; };
		6A30841B1FA1AF9D00AB8675 /* MJRefreshBackFooter.h */ = {isa = PBXFileReference; fileEncoding = 4; lastKnownFileType = sourcecode.c.h; path = MJRefreshBackFooter.h; sourceTree = "<group>"; };
		6A30841C1FA1AF9D00AB8675 /* MJRefreshBackFooter.m */ = {isa = PBXFileReference; fileEncoding = 4; lastKnownFileType = sourcecode.c.objc; path = MJRefreshBackFooter.m; sourceTree = "<group>"; };
		6A30841D1FA1AF9D00AB8675 /* MJRefreshComponent.h */ = {isa = PBXFileReference; fileEncoding = 4; lastKnownFileType = sourcecode.c.h; path = MJRefreshComponent.h; sourceTree = "<group>"; };
		6A30841E1FA1AF9D00AB8675 /* MJRefreshComponent.m */ = {isa = PBXFileReference; fileEncoding = 4; lastKnownFileType = sourcecode.c.objc; path = MJRefreshComponent.m; sourceTree = "<group>"; };
		6A30841F1FA1AF9D00AB8675 /* MJRefreshFooter.h */ = {isa = PBXFileReference; fileEncoding = 4; lastKnownFileType = sourcecode.c.h; path = MJRefreshFooter.h; sourceTree = "<group>"; };
		6A3084201FA1AF9D00AB8675 /* MJRefreshFooter.m */ = {isa = PBXFileReference; fileEncoding = 4; lastKnownFileType = sourcecode.c.objc; path = MJRefreshFooter.m; sourceTree = "<group>"; };
		6A3084211FA1AF9D00AB8675 /* MJRefreshHeader.h */ = {isa = PBXFileReference; fileEncoding = 4; lastKnownFileType = sourcecode.c.h; path = MJRefreshHeader.h; sourceTree = "<group>"; };
		6A3084221FA1AF9D00AB8675 /* MJRefreshHeader.m */ = {isa = PBXFileReference; fileEncoding = 4; lastKnownFileType = sourcecode.c.objc; path = MJRefreshHeader.m; sourceTree = "<group>"; };
		6A3084261FA1AF9D00AB8675 /* MJRefreshAutoGifFooter.h */ = {isa = PBXFileReference; fileEncoding = 4; lastKnownFileType = sourcecode.c.h; path = MJRefreshAutoGifFooter.h; sourceTree = "<group>"; };
		6A3084271FA1AF9D00AB8675 /* MJRefreshAutoGifFooter.m */ = {isa = PBXFileReference; fileEncoding = 4; lastKnownFileType = sourcecode.c.objc; path = MJRefreshAutoGifFooter.m; sourceTree = "<group>"; };
		6A3084281FA1AF9D00AB8675 /* MJRefreshAutoNormalFooter.h */ = {isa = PBXFileReference; fileEncoding = 4; lastKnownFileType = sourcecode.c.h; path = MJRefreshAutoNormalFooter.h; sourceTree = "<group>"; };
		6A3084291FA1AF9D00AB8675 /* MJRefreshAutoNormalFooter.m */ = {isa = PBXFileReference; fileEncoding = 4; lastKnownFileType = sourcecode.c.objc; path = MJRefreshAutoNormalFooter.m; sourceTree = "<group>"; };
		6A30842A1FA1AF9D00AB8675 /* MJRefreshAutoStateFooter.h */ = {isa = PBXFileReference; fileEncoding = 4; lastKnownFileType = sourcecode.c.h; path = MJRefreshAutoStateFooter.h; sourceTree = "<group>"; };
		6A30842B1FA1AF9D00AB8675 /* MJRefreshAutoStateFooter.m */ = {isa = PBXFileReference; fileEncoding = 4; lastKnownFileType = sourcecode.c.objc; path = MJRefreshAutoStateFooter.m; sourceTree = "<group>"; };
		6A30842D1FA1AF9D00AB8675 /* MJRefreshBackGifFooter.h */ = {isa = PBXFileReference; fileEncoding = 4; lastKnownFileType = sourcecode.c.h; path = MJRefreshBackGifFooter.h; sourceTree = "<group>"; };
		6A30842E1FA1AF9D00AB8675 /* MJRefreshBackGifFooter.m */ = {isa = PBXFileReference; fileEncoding = 4; lastKnownFileType = sourcecode.c.objc; path = MJRefreshBackGifFooter.m; sourceTree = "<group>"; };
		6A30842F1FA1AF9D00AB8675 /* MJRefreshBackNormalFooter.h */ = {isa = PBXFileReference; fileEncoding = 4; lastKnownFileType = sourcecode.c.h; path = MJRefreshBackNormalFooter.h; sourceTree = "<group>"; };
		6A3084301FA1AF9D00AB8675 /* MJRefreshBackNormalFooter.m */ = {isa = PBXFileReference; fileEncoding = 4; lastKnownFileType = sourcecode.c.objc; path = MJRefreshBackNormalFooter.m; sourceTree = "<group>"; };
		6A3084311FA1AF9D00AB8675 /* MJRefreshBackStateFooter.h */ = {isa = PBXFileReference; fileEncoding = 4; lastKnownFileType = sourcecode.c.h; path = MJRefreshBackStateFooter.h; sourceTree = "<group>"; };
		6A3084321FA1AF9D00AB8675 /* MJRefreshBackStateFooter.m */ = {isa = PBXFileReference; fileEncoding = 4; lastKnownFileType = sourcecode.c.objc; path = MJRefreshBackStateFooter.m; sourceTree = "<group>"; };
		6A3084341FA1AF9D00AB8675 /* MJRefreshGifHeader.h */ = {isa = PBXFileReference; fileEncoding = 4; lastKnownFileType = sourcecode.c.h; path = MJRefreshGifHeader.h; sourceTree = "<group>"; };
		6A3084351FA1AF9D00AB8675 /* MJRefreshGifHeader.m */ = {isa = PBXFileReference; fileEncoding = 4; lastKnownFileType = sourcecode.c.objc; path = MJRefreshGifHeader.m; sourceTree = "<group>"; };
		6A3084361FA1AF9D00AB8675 /* MJRefreshNormalHeader.h */ = {isa = PBXFileReference; fileEncoding = 4; lastKnownFileType = sourcecode.c.h; path = MJRefreshNormalHeader.h; sourceTree = "<group>"; };
		6A3084371FA1AF9D00AB8675 /* MJRefreshNormalHeader.m */ = {isa = PBXFileReference; fileEncoding = 4; lastKnownFileType = sourcecode.c.objc; path = MJRefreshNormalHeader.m; sourceTree = "<group>"; };
		6A3084381FA1AF9D00AB8675 /* MJRefreshStateHeader.h */ = {isa = PBXFileReference; fileEncoding = 4; lastKnownFileType = sourcecode.c.h; path = MJRefreshStateHeader.h; sourceTree = "<group>"; };
		6A3084391FA1AF9D00AB8675 /* MJRefreshStateHeader.m */ = {isa = PBXFileReference; fileEncoding = 4; lastKnownFileType = sourcecode.c.objc; path = MJRefreshStateHeader.m; sourceTree = "<group>"; };
		6A30843A1FA1AF9D00AB8675 /* MJRefresh.bundle */ = {isa = PBXFileReference; lastKnownFileType = "wrapper.plug-in"; path = MJRefresh.bundle; sourceTree = "<group>"; };
		6A30843B1FA1AF9D00AB8675 /* MJRefresh.h */ = {isa = PBXFileReference; fileEncoding = 4; lastKnownFileType = sourcecode.c.h; path = MJRefresh.h; sourceTree = "<group>"; };
		6A30843C1FA1AF9D00AB8675 /* MJRefreshConst.h */ = {isa = PBXFileReference; fileEncoding = 4; lastKnownFileType = sourcecode.c.h; path = MJRefreshConst.h; sourceTree = "<group>"; };
		6A30843D1FA1AF9D00AB8675 /* MJRefreshConst.m */ = {isa = PBXFileReference; fileEncoding = 4; lastKnownFileType = sourcecode.c.objc; path = MJRefreshConst.m; sourceTree = "<group>"; };
		6A30843E1FA1AF9D00AB8675 /* NSBundle+MJRefresh.h */ = {isa = PBXFileReference; fileEncoding = 4; lastKnownFileType = sourcecode.c.h; path = "NSBundle+MJRefresh.h"; sourceTree = "<group>"; };
		6A30843F1FA1AF9D00AB8675 /* NSBundle+MJRefresh.m */ = {isa = PBXFileReference; fileEncoding = 4; lastKnownFileType = sourcecode.c.objc; path = "NSBundle+MJRefresh.m"; sourceTree = "<group>"; };
		6A3084401FA1AF9D00AB8675 /* UIScrollView+MJExtension.h */ = {isa = PBXFileReference; fileEncoding = 4; lastKnownFileType = sourcecode.c.h; path = "UIScrollView+MJExtension.h"; sourceTree = "<group>"; };
		6A3084411FA1AF9D00AB8675 /* UIScrollView+MJExtension.m */ = {isa = PBXFileReference; fileEncoding = 4; lastKnownFileType = sourcecode.c.objc; path = "UIScrollView+MJExtension.m"; sourceTree = "<group>"; };
		6A3084421FA1AF9D00AB8675 /* UIScrollView+MJRefresh.h */ = {isa = PBXFileReference; fileEncoding = 4; lastKnownFileType = sourcecode.c.h; path = "UIScrollView+MJRefresh.h"; sourceTree = "<group>"; };
		6A3084431FA1AF9D00AB8675 /* UIScrollView+MJRefresh.m */ = {isa = PBXFileReference; fileEncoding = 4; lastKnownFileType = sourcecode.c.objc; path = "UIScrollView+MJRefresh.m"; sourceTree = "<group>"; };
		6A3084441FA1AF9D00AB8675 /* UIView+MJExtension.h */ = {isa = PBXFileReference; fileEncoding = 4; lastKnownFileType = sourcecode.c.h; path = "UIView+MJExtension.h"; sourceTree = "<group>"; };
		6A3084451FA1AF9D00AB8675 /* UIView+MJExtension.m */ = {isa = PBXFileReference; fileEncoding = 4; lastKnownFileType = sourcecode.c.objc; path = "UIView+MJExtension.m"; sourceTree = "<group>"; };
		6A30847A1FA1B87800AB8675 /* UIImage+Color.h */ = {isa = PBXFileReference; fileEncoding = 4; lastKnownFileType = sourcecode.c.h; path = "UIImage+Color.h"; sourceTree = "<group>"; };
		6A30847B1FA1B87900AB8675 /* UIImage+Color.m */ = {isa = PBXFileReference; fileEncoding = 4; lastKnownFileType = sourcecode.c.objc; path = "UIImage+Color.m"; sourceTree = "<group>"; };
		6A30847C1FA1B87900AB8675 /* UIImage+Circle.h */ = {isa = PBXFileReference; fileEncoding = 4; lastKnownFileType = sourcecode.c.h; path = "UIImage+Circle.h"; sourceTree = "<group>"; };
		6A30847D1FA1B87900AB8675 /* UIImage+Circle.m */ = {isa = PBXFileReference; fileEncoding = 4; lastKnownFileType = sourcecode.c.objc; path = "UIImage+Circle.m"; sourceTree = "<group>"; };
		6A3084801FA1B8B700AB8675 /* UIView+FindUIViewController.m */ = {isa = PBXFileReference; fileEncoding = 4; lastKnownFileType = sourcecode.c.objc; path = "UIView+FindUIViewController.m"; sourceTree = "<group>"; };
		6A3084811FA1B8B700AB8675 /* UIView+FindUIViewController.h */ = {isa = PBXFileReference; fileEncoding = 4; lastKnownFileType = sourcecode.c.h; path = "UIView+FindUIViewController.h"; sourceTree = "<group>"; };
		6A3084831FA1B94800AB8675 /* UIViewController+runtime.h */ = {isa = PBXFileReference; fileEncoding = 4; lastKnownFileType = sourcecode.c.h; path = "UIViewController+runtime.h"; sourceTree = "<group>"; };
		6A3084841FA1B94800AB8675 /* UIViewController+runtime.m */ = {isa = PBXFileReference; fileEncoding = 4; lastKnownFileType = sourcecode.c.objc; path = "UIViewController+runtime.m"; sourceTree = "<group>"; };
		6A3084861FA1B98D00AB8675 /* UIView+Size.m */ = {isa = PBXFileReference; fileEncoding = 4; lastKnownFileType = sourcecode.c.objc; path = "UIView+Size.m"; sourceTree = "<group>"; };
		6A3084871FA1B98E00AB8675 /* UIView+create.m */ = {isa = PBXFileReference; fileEncoding = 4; lastKnownFileType = sourcecode.c.objc; path = "UIView+create.m"; sourceTree = "<group>"; };
		6A3084881FA1B98E00AB8675 /* UIView+Size.h */ = {isa = PBXFileReference; fileEncoding = 4; lastKnownFileType = sourcecode.c.h; path = "UIView+Size.h"; sourceTree = "<group>"; };
		6A3084891FA1B98E00AB8675 /* UIView+create.h */ = {isa = PBXFileReference; fileEncoding = 4; lastKnownFileType = sourcecode.c.h; path = "UIView+create.h"; sourceTree = "<group>"; };
		6A30848C1FA1B9B700AB8675 /* UIButton+Block.h */ = {isa = PBXFileReference; fileEncoding = 4; lastKnownFileType = sourcecode.c.h; path = "UIButton+Block.h"; sourceTree = "<group>"; };
		6A30848D1FA1B9B800AB8675 /* UIButton+Block.m */ = {isa = PBXFileReference; fileEncoding = 4; lastKnownFileType = sourcecode.c.objc; path = "UIButton+Block.m"; sourceTree = "<group>"; };
		6A30848F1FA1B9C800AB8675 /* UIColor+extend.m */ = {isa = PBXFileReference; fileEncoding = 4; lastKnownFileType = sourcecode.c.objc; path = "UIColor+extend.m"; sourceTree = "<group>"; };
		6A3084901FA1B9C900AB8675 /* UIColor+extend.h */ = {isa = PBXFileReference; fileEncoding = 4; lastKnownFileType = sourcecode.c.h; path = "UIColor+extend.h"; sourceTree = "<group>"; };
		6A3084921FA1BA0C00AB8675 /* NSMutableArray+safe.m */ = {isa = PBXFileReference; fileEncoding = 4; lastKnownFileType = sourcecode.c.objc; path = "NSMutableArray+safe.m"; sourceTree = "<group>"; };
		6A3084931FA1BA0D00AB8675 /* NSMutableArray+safe.h */ = {isa = PBXFileReference; fileEncoding = 4; lastKnownFileType = sourcecode.c.h; path = "NSMutableArray+safe.h"; sourceTree = "<group>"; };
		6A3084941FA1BA0D00AB8675 /* NSMutableDictionary+safe.h */ = {isa = PBXFileReference; fileEncoding = 4; lastKnownFileType = sourcecode.c.h; path = "NSMutableDictionary+safe.h"; sourceTree = "<group>"; };
		6A3084951FA1BA0D00AB8675 /* NSMutableSet+safe.m */ = {isa = PBXFileReference; fileEncoding = 4; lastKnownFileType = sourcecode.c.objc; path = "NSMutableSet+safe.m"; sourceTree = "<group>"; };
		6A3084961FA1BA0D00AB8675 /* NSMutableDictionary+safe.m */ = {isa = PBXFileReference; fileEncoding = 4; lastKnownFileType = sourcecode.c.objc; path = "NSMutableDictionary+safe.m"; sourceTree = "<group>"; };
		6A3084971FA1BA0E00AB8675 /* NSMutableSet+safe.h */ = {isa = PBXFileReference; fileEncoding = 4; lastKnownFileType = sourcecode.c.h; path = "NSMutableSet+safe.h"; sourceTree = "<group>"; };
		6A30849B1FA1BA4200AB8675 /* EDCryptoUtil.h */ = {isa = PBXFileReference; fileEncoding = 4; lastKnownFileType = sourcecode.c.h; path = EDCryptoUtil.h; sourceTree = "<group>"; };
		6A30849C1FA1BA4200AB8675 /* EDCryptoUtil.m */ = {isa = PBXFileReference; fileEncoding = 4; lastKnownFileType = sourcecode.c.objc; path = EDCryptoUtil.m; sourceTree = "<group>"; };
		6A30849D1FA1BA4300AB8675 /* NSObject+runtime.m */ = {isa = PBXFileReference; fileEncoding = 4; lastKnownFileType = sourcecode.c.objc; path = "NSObject+runtime.m"; sourceTree = "<group>"; };
		6A30849E1FA1BA4300AB8675 /* EDBase64Util.m */ = {isa = PBXFileReference; fileEncoding = 4; lastKnownFileType = sourcecode.c.objc; path = EDBase64Util.m; sourceTree = "<group>"; };
		6A30849F1FA1BA4300AB8675 /* EDBase64Util.h */ = {isa = PBXFileReference; fileEncoding = 4; lastKnownFileType = sourcecode.c.h; path = EDBase64Util.h; sourceTree = "<group>"; };
		6A3084A01FA1BA4400AB8675 /* NSString+MD5.m */ = {isa = PBXFileReference; fileEncoding = 4; lastKnownFileType = sourcecode.c.objc; path = "NSString+MD5.m"; sourceTree = "<group>"; };
		6A3084A11FA1BA4500AB8675 /* NSObject+runtime.h */ = {isa = PBXFileReference; fileEncoding = 4; lastKnownFileType = sourcecode.c.h; path = "NSObject+runtime.h"; sourceTree = "<group>"; };
		6A3084A21FA1BA4600AB8675 /* NSString+MD5.h */ = {isa = PBXFileReference; fileEncoding = 4; lastKnownFileType = sourcecode.c.h; path = "NSString+MD5.h"; sourceTree = "<group>"; };
		6A3084A71FA1BABE00AB8675 /* YYGlobal.h */ = {isa = PBXFileReference; lastKnownFileType = sourcecode.c.h; path = YYGlobal.h; sourceTree = "<group>"; };
		6A3084A81FA1BABE00AB8675 /* YYGlobal.m */ = {isa = PBXFileReference; lastKnownFileType = sourcecode.c.objc; path = YYGlobal.m; sourceTree = "<group>"; };
		6A3084AA1FA1BAE400AB8675 /* YYDeviceInfo.h */ = {isa = PBXFileReference; lastKnownFileType = sourcecode.c.h; path = YYDeviceInfo.h; sourceTree = "<group>"; };
		6A3084AB1FA1BAE400AB8675 /* YYDeviceInfo.m */ = {isa = PBXFileReference; lastKnownFileType = sourcecode.c.objc; path = YYDeviceInfo.m; sourceTree = "<group>"; };
		6A3084AD1FA1BB0F00AB8675 /* YYClientInfo.h */ = {isa = PBXFileReference; lastKnownFileType = sourcecode.c.h; path = YYClientInfo.h; sourceTree = "<group>"; };
		6A3084AE1FA1BB0F00AB8675 /* YYClientInfo.m */ = {isa = PBXFileReference; lastKnownFileType = sourcecode.c.objc; path = YYClientInfo.m; sourceTree = "<group>"; };
		6A3084B11FA1BEF100AB8675 /* NJKWebViewProgress.h */ = {isa = PBXFileReference; fileEncoding = 4; lastKnownFileType = sourcecode.c.h; path = NJKWebViewProgress.h; sourceTree = "<group>"; };
		6A3084B21FA1BEF200AB8675 /* NJKWebViewProgressView.h */ = {isa = PBXFileReference; fileEncoding = 4; lastKnownFileType = sourcecode.c.h; path = NJKWebViewProgressView.h; sourceTree = "<group>"; };
		6A3084B31FA1BEF300AB8675 /* NJKWebViewProgressView.m */ = {isa = PBXFileReference; fileEncoding = 4; lastKnownFileType = sourcecode.c.objc; path = NJKWebViewProgressView.m; sourceTree = "<group>"; };
		6A3084B41FA1BEF400AB8675 /* NJKWebViewProgress.m */ = {isa = PBXFileReference; fileEncoding = 4; lastKnownFileType = sourcecode.c.objc; path = NJKWebViewProgress.m; sourceTree = "<group>"; };
		6A3084BA1FA1C08000AB8675 /* YYWebViewController.h */ = {isa = PBXFileReference; lastKnownFileType = sourcecode.c.h; path = YYWebViewController.h; sourceTree = "<group>"; };
		6A3084BB1FA1C08000AB8675 /* YYWebViewController.m */ = {isa = PBXFileReference; lastKnownFileType = sourcecode.c.objc; path = YYWebViewController.m; sourceTree = "<group>"; };
		6A3084BE1FA1D71B00AB8675 /* iconfont.ttf */ = {isa = PBXFileReference; lastKnownFileType = file; path = iconfont.ttf; sourceTree = "<group>"; };
		6A3084C01FA1D79700AB8675 /* TBCityIconInfo.h */ = {isa = PBXFileReference; fileEncoding = 4; lastKnownFileType = sourcecode.c.h; path = TBCityIconInfo.h; sourceTree = "<group>"; };
		6A3084C11FA1D79700AB8675 /* TBCityIconInfo.m */ = {isa = PBXFileReference; fileEncoding = 4; lastKnownFileType = sourcecode.c.objc; path = TBCityIconInfo.m; sourceTree = "<group>"; };
		6A3084C21FA1D79700AB8675 /* UIImage+TBCityIconFont.h */ = {isa = PBXFileReference; fileEncoding = 4; lastKnownFileType = sourcecode.c.h; path = "UIImage+TBCityIconFont.h"; sourceTree = "<group>"; };
		6A3084C31FA1D79800AB8675 /* UIImage+TBCityIconFont.m */ = {isa = PBXFileReference; fileEncoding = 4; lastKnownFileType = sourcecode.c.objc; path = "UIImage+TBCityIconFont.m"; sourceTree = "<group>"; };
		6A3084C41FA1D79900AB8675 /* TBCityIconFont.h */ = {isa = PBXFileReference; fileEncoding = 4; lastKnownFileType = sourcecode.c.h; path = TBCityIconFont.h; sourceTree = "<group>"; };
		6A3084C51FA1D79A00AB8675 /* TBCityIconFont.m */ = {isa = PBXFileReference; fileEncoding = 4; lastKnownFileType = sourcecode.c.objc; path = TBCityIconFont.m; sourceTree = "<group>"; };
		6A47D81B1FA6F6800051B221 /* HTHorizontalSelectionListScrollView.m */ = {isa = PBXFileReference; fileEncoding = 4; lastKnownFileType = sourcecode.c.objc; path = HTHorizontalSelectionListScrollView.m; sourceTree = "<group>"; };
		6A47D81C1FA6F6800051B221 /* HTHorizontalSelectionList.m */ = {isa = PBXFileReference; fileEncoding = 4; lastKnownFileType = sourcecode.c.objc; path = HTHorizontalSelectionList.m; sourceTree = "<group>"; };
		6A47D81D1FA6F6810051B221 /* HTHorizontalSelectionListScrollView.h */ = {isa = PBXFileReference; fileEncoding = 4; lastKnownFileType = sourcecode.c.h; path = HTHorizontalSelectionListScrollView.h; sourceTree = "<group>"; };
		6A47D81E1FA6F6810051B221 /* HTHorizontalSelectionList.h */ = {isa = PBXFileReference; fileEncoding = 4; lastKnownFileType = sourcecode.c.h; path = HTHorizontalSelectionList.h; sourceTree = "<group>"; };
		6A47E0671FA300A10081D550 /* YYMessageViewController.h */ = {isa = PBXFileReference; lastKnownFileType = sourcecode.c.h; path = YYMessageViewController.h; sourceTree = "<group>"; };
		6A47E0681FA300A10081D550 /* YYMessageViewController.m */ = {isa = PBXFileReference; lastKnownFileType = sourcecode.c.objc; path = YYMessageViewController.m; sourceTree = "<group>"; };
		6A47E06A1FA306A20081D550 /* YYBaseNavigationController.h */ = {isa = PBXFileReference; lastKnownFileType = sourcecode.c.h; path = YYBaseNavigationController.h; sourceTree = "<group>"; };
		6A47E06B1FA306A20081D550 /* YYBaseNavigationController.m */ = {isa = PBXFileReference; lastKnownFileType = sourcecode.c.objc; path = YYBaseNavigationController.m; sourceTree = "<group>"; };
		6A5F347D1FA6BA4E00FED9EF /* YYPesonalCenterTableViewCell.h */ = {isa = PBXFileReference; lastKnownFileType = sourcecode.c.h; path = YYPesonalCenterTableViewCell.h; sourceTree = "<group>"; };
		6A5F347E1FA6BA4E00FED9EF /* YYPesonalCenterTableViewCell.m */ = {isa = PBXFileReference; lastKnownFileType = sourcecode.c.objc; path = YYPesonalCenterTableViewCell.m; sourceTree = "<group>"; };
		6A5F34831FA6CE4300FED9EF /* YYSignInViewController.h */ = {isa = PBXFileReference; lastKnownFileType = sourcecode.c.h; path = YYSignInViewController.h; sourceTree = "<group>"; };
		6A5F34841FA6CE4300FED9EF /* YYSignInViewController.m */ = {isa = PBXFileReference; lastKnownFileType = sourcecode.c.objc; path = YYSignInViewController.m; sourceTree = "<group>"; };
		6A5F34861FA6CE5100FED9EF /* YYSingUpViewController.h */ = {isa = PBXFileReference; lastKnownFileType = sourcecode.c.h; path = YYSingUpViewController.h; sourceTree = "<group>"; };
		6A5F34871FA6CE5100FED9EF /* YYSingUpViewController.m */ = {isa = PBXFileReference; lastKnownFileType = sourcecode.c.objc; path = YYSingUpViewController.m; sourceTree = "<group>"; };
		6A7C35B51FA8181B00F277F5 /* YYGetVerificationCodeButton.h */ = {isa = PBXFileReference; lastKnownFileType = sourcecode.c.h; path = YYGetVerificationCodeButton.h; sourceTree = "<group>"; };
		6A7C35B61FA8181B00F277F5 /* YYGetVerificationCodeButton.m */ = {isa = PBXFileReference; lastKnownFileType = sourcecode.c.objc; path = YYGetVerificationCodeButton.m; sourceTree = "<group>"; };
		6A7C35B81FA8329400F277F5 /* YYActionButton.h */ = {isa = PBXFileReference; lastKnownFileType = sourcecode.c.h; path = YYActionButton.h; sourceTree = "<group>"; };
		6A7C35B91FA8329400F277F5 /* YYActionButton.m */ = {isa = PBXFileReference; lastKnownFileType = sourcecode.c.objc; path = YYActionButton.m; sourceTree = "<group>"; };
		6AD9789A1FA0859D009D66AD /* YouYi.app */ = {isa = PBXFileReference; explicitFileType = wrapper.application; includeInIndex = 0; path = YouYi.app; sourceTree = BUILT_PRODUCTS_DIR; };
		6AD9789D1FA0859D009D66AD /* AppDelegate.h */ = {isa = PBXFileReference; lastKnownFileType = sourcecode.c.h; path = AppDelegate.h; sourceTree = "<group>"; };
		6AD9789E1FA0859D009D66AD /* AppDelegate.m */ = {isa = PBXFileReference; lastKnownFileType = sourcecode.c.objc; path = AppDelegate.m; sourceTree = "<group>"; };
		6AD978A61FA0859D009D66AD /* Assets.xcassets */ = {isa = PBXFileReference; lastKnownFileType = folder.assetcatalog; path = Assets.xcassets; sourceTree = "<group>"; };
		6AD978A91FA0859D009D66AD /* Base */ = {isa = PBXFileReference; lastKnownFileType = file.storyboard; name = Base; path = Base.lproj/LaunchScreen.storyboard; sourceTree = "<group>"; };
		6AD978AB1FA0859D009D66AD /* Info.plist */ = {isa = PBXFileReference; lastKnownFileType = text.plist.xml; path = Info.plist; sourceTree = "<group>"; };
		6AD978AC1FA0859D009D66AD /* main.m */ = {isa = PBXFileReference; lastKnownFileType = sourcecode.c.objc; path = main.m; sourceTree = "<group>"; };
		6AD978B21FA0859D009D66AD /* YouYiTests.xctest */ = {isa = PBXFileReference; explicitFileType = wrapper.cfbundle; includeInIndex = 0; path = YouYiTests.xctest; sourceTree = BUILT_PRODUCTS_DIR; };
		6AD978B61FA0859D009D66AD /* YouYiTests.m */ = {isa = PBXFileReference; lastKnownFileType = sourcecode.c.objc; path = YouYiTests.m; sourceTree = "<group>"; };
		6AD978B81FA0859D009D66AD /* Info.plist */ = {isa = PBXFileReference; lastKnownFileType = text.plist.xml; path = Info.plist; sourceTree = "<group>"; };
		6AD978BD1FA0859D009D66AD /* YouYiUITests.xctest */ = {isa = PBXFileReference; explicitFileType = wrapper.cfbundle; includeInIndex = 0; path = YouYiUITests.xctest; sourceTree = BUILT_PRODUCTS_DIR; };
		6AD978C11FA0859D009D66AD /* YouYiUITests.m */ = {isa = PBXFileReference; lastKnownFileType = sourcecode.c.objc; path = YouYiUITests.m; sourceTree = "<group>"; };
		6AD978C31FA0859D009D66AD /* Info.plist */ = {isa = PBXFileReference; lastKnownFileType = text.plist.xml; path = Info.plist; sourceTree = "<group>"; };
		FF91631748C767622EE46FA1 /* Pods-YouYi.debug.xcconfig */ = {isa = PBXFileReference; includeInIndex = 1; lastKnownFileType = text.xcconfig; name = "Pods-YouYi.debug.xcconfig"; path = "Pods/Target Support Files/Pods-YouYi/Pods-YouYi.debug.xcconfig"; sourceTree = "<group>"; };
/* End PBXFileReference section */

/* Begin PBXFrameworksBuildPhase section */
		6AD978971FA0859D009D66AD /* Frameworks */ = {
			isa = PBXFrameworksBuildPhase;
			buildActionMask = 2147483647;
			files = (
				840B0B2FB700BC13537A7951 /* libPods-YouYi.a in Frameworks */,
			);
			runOnlyForDeploymentPostprocessing = 0;
		};
		6AD978AF1FA0859D009D66AD /* Frameworks */ = {
			isa = PBXFrameworksBuildPhase;
			buildActionMask = 2147483647;
			files = (
			);
			runOnlyForDeploymentPostprocessing = 0;
		};
		6AD978BA1FA0859D009D66AD /* Frameworks */ = {
			isa = PBXFrameworksBuildPhase;
			buildActionMask = 2147483647;
			files = (
			);
			runOnlyForDeploymentPostprocessing = 0;
		};
/* End PBXFrameworksBuildPhase section */

/* Begin PBXGroup section */
		36181F0C6A0065D6C90BB5C7 /* Pods */ = {
			isa = PBXGroup;
			children = (
				FF91631748C767622EE46FA1 /* Pods-YouYi.debug.xcconfig */,
				1167FE9A48E21A23E1D4ED48 /* Pods-YouYi.release.xcconfig */,
			);
			name = Pods;
			sourceTree = "<group>";
		};
		6A3083D61FA1818A00AB8675 /* 基类 */ = {
			isa = PBXGroup;
			children = (
				6A3083DD1FA183FD00AB8675 /* YYBaseViewController.h */,
				6A3083DE1FA183FD00AB8675 /* YYBaseViewController.m */,
				6A47E06A1FA306A20081D550 /* YYBaseNavigationController.h */,
				6A47E06B1FA306A20081D550 /* YYBaseNavigationController.m */,
			);
			path = "基类";
			sourceTree = "<group>";
		};
		6A3083D71FA181A400AB8675 /* 全局变量 */ = {
			isa = PBXGroup;
			children = (
				6A3083FD1FA1901800AB8675 /* PrefixHeader.pch */,
				6A3084A71FA1BABE00AB8675 /* YYGlobal.h */,
				6A3084A81FA1BABE00AB8675 /* YYGlobal.m */,
				6A3084AA1FA1BAE400AB8675 /* YYDeviceInfo.h */,
				6A3084AB1FA1BAE400AB8675 /* YYDeviceInfo.m */,
				6A3084AD1FA1BB0F00AB8675 /* YYClientInfo.h */,
				6A3084AE1FA1BB0F00AB8675 /* YYClientInfo.m */,
			);
			path = "全局变量";
			sourceTree = "<group>";
		};
		6A3083D81FA181BE00AB8675 /* 第三方控件 */ = {
			isa = PBXGroup;
			children = (
				6A30845A1FA1B55600AB8675 /* HTHorizontalSelectionList */,
				6A3084171FA1AF9D00AB8675 /* MJRefresh */,
				6A3084B01FA1BECB00AB8675 /* NJKWebViewProgress */,
				6A3084BD1FA1D6F700AB8675 /* iconFont */,
			);
			path = "第三方控件";
			sourceTree = "<group>";
		};
		6A3083D91FA1821200AB8675 /* 自定义控件 */ = {
			isa = PBXGroup;
			children = (
				6A3084BA1FA1C08000AB8675 /* YYWebViewController.h */,
				6A3084BB1FA1C08000AB8675 /* YYWebViewController.m */,
			);
			path = "自定义控件";
			sourceTree = "<group>";
		};
		6A3083E01FA1864200AB8675 /* VC */ = {
			isa = PBXGroup;
			children = (
				6A3083EA1FA187D700AB8675 /* 登录注册 */,
				6A3083E21FA1874200AB8675 /* 首页 */,
				6A3083E31FA1875900AB8675 /* 投资 */,
				6A3083E81FA187A400AB8675 /* 提现 */,
				6A3083E91FA187B900AB8675 /* 我的 */,
				6A47E0661FA3007B0081D550 /* 消息 */,
			);
			path = VC;
			sourceTree = "<group>";
		};
		6A3083E11FA1866C00AB8675 /* 网络请求 */ = {
			isa = PBXGroup;
			children = (
			);
			path = "网络请求";
			sourceTree = "<group>";
		};
		6A3083E21FA1874200AB8675 /* 首页 */ = {
			isa = PBXGroup;
			children = (
				6A3083F11FA1899F00AB8675 /* YYHomePageViewController.h */,
				6A3083F21FA1899F00AB8675 /* YYHomePageViewController.m */,
			);
			path = "首页";
			sourceTree = "<group>";
		};
		6A3083E31FA1875900AB8675 /* 投资 */ = {
			isa = PBXGroup;
			children = (
				6A3083F41FA189BC00AB8675 /* YYInvestmentViewController.h */,
				6A3083F51FA189BC00AB8675 /* YYInvestmentViewController.m */,
			);
			path = "投资";
			sourceTree = "<group>";
		};
		6A3083E81FA187A400AB8675 /* 提现 */ = {
			isa = PBXGroup;
			children = (
				6A3083F71FA189DC00AB8675 /* YYWithdrawDepositViewController.h */,
				6A3083F81FA189DC00AB8675 /* YYWithdrawDepositViewController.m */,
			);
			path = "提现";
			sourceTree = "<group>";
		};
		6A3083E91FA187B900AB8675 /* 我的 */ = {
			isa = PBXGroup;
			children = (
				6A3083FA1FA18A0700AB8675 /* YYPesonalCenterViewController.h */,
				6A3083FB1FA18A0700AB8675 /* YYPesonalCenterViewController.m */,
				6A5F347D1FA6BA4E00FED9EF /* YYPesonalCenterTableViewCell.h */,
				6A5F347E1FA6BA4E00FED9EF /* YYPesonalCenterTableViewCell.m */,
			);
			path = "我的";
			sourceTree = "<group>";
		};
		6A3083EA1FA187D700AB8675 /* 登录注册 */ = {
			isa = PBXGroup;
			children = (
				6A5F34831FA6CE4300FED9EF /* YYSignInViewController.h */,
				6A5F34841FA6CE4300FED9EF /* YYSignInViewController.m */,
				6A5F34861FA6CE5100FED9EF /* YYSingUpViewController.h */,
				6A5F34871FA6CE5100FED9EF /* YYSingUpViewController.m */,
				6A7C35B51FA8181B00F277F5 /* YYGetVerificationCodeButton.h */,
				6A7C35B61FA8181B00F277F5 /* YYGetVerificationCodeButton.m */,
				6A7C35B81FA8329400F277F5 /* YYActionButton.h */,
				6A7C35B91FA8329400F277F5 /* YYActionButton.m */,
			);
			path = "登录注册";
			sourceTree = "<group>";
		};
		6A3084171FA1AF9D00AB8675 /* MJRefresh */ = {
			isa = PBXGroup;
			children = (
				6A3084181FA1AF9D00AB8675 /* Base */,
				6A3084231FA1AF9D00AB8675 /* Custom */,
				6A30843A1FA1AF9D00AB8675 /* MJRefresh.bundle */,
				6A30843B1FA1AF9D00AB8675 /* MJRefresh.h */,
				6A30843C1FA1AF9D00AB8675 /* MJRefreshConst.h */,
				6A30843D1FA1AF9D00AB8675 /* MJRefreshConst.m */,
				6A30843E1FA1AF9D00AB8675 /* NSBundle+MJRefresh.h */,
				6A30843F1FA1AF9D00AB8675 /* NSBundle+MJRefresh.m */,
				6A3084401FA1AF9D00AB8675 /* UIScrollView+MJExtension.h */,
				6A3084411FA1AF9D00AB8675 /* UIScrollView+MJExtension.m */,
				6A3084421FA1AF9D00AB8675 /* UIScrollView+MJRefresh.h */,
				6A3084431FA1AF9D00AB8675 /* UIScrollView+MJRefresh.m */,
				6A3084441FA1AF9D00AB8675 /* UIView+MJExtension.h */,
				6A3084451FA1AF9D00AB8675 /* UIView+MJExtension.m */,
			);
			path = MJRefresh;
			sourceTree = "<group>";
		};
		6A3084181FA1AF9D00AB8675 /* Base */ = {
			isa = PBXGroup;
			children = (
				6A3084191FA1AF9D00AB8675 /* MJRefreshAutoFooter.h */,
				6A30841A1FA1AF9D00AB8675 /* MJRefreshAutoFooter.m */,
				6A30841B1FA1AF9D00AB8675 /* MJRefreshBackFooter.h */,
				6A30841C1FA1AF9D00AB8675 /* MJRefreshBackFooter.m */,
				6A30841D1FA1AF9D00AB8675 /* MJRefreshComponent.h */,
				6A30841E1FA1AF9D00AB8675 /* MJRefreshComponent.m */,
				6A30841F1FA1AF9D00AB8675 /* MJRefreshFooter.h */,
				6A3084201FA1AF9D00AB8675 /* MJRefreshFooter.m */,
				6A3084211FA1AF9D00AB8675 /* MJRefreshHeader.h */,
				6A3084221FA1AF9D00AB8675 /* MJRefreshHeader.m */,
			);
			path = Base;
			sourceTree = "<group>";
		};
		6A3084231FA1AF9D00AB8675 /* Custom */ = {
			isa = PBXGroup;
			children = (
				6A3084241FA1AF9D00AB8675 /* Footer */,
				6A3084331FA1AF9D00AB8675 /* Header */,
			);
			path = Custom;
			sourceTree = "<group>";
		};
		6A3084241FA1AF9D00AB8675 /* Footer */ = {
			isa = PBXGroup;
			children = (
				6A3084251FA1AF9D00AB8675 /* Auto */,
				6A30842C1FA1AF9D00AB8675 /* Back */,
			);
			path = Footer;
			sourceTree = "<group>";
		};
		6A3084251FA1AF9D00AB8675 /* Auto */ = {
			isa = PBXGroup;
			children = (
				6A3084261FA1AF9D00AB8675 /* MJRefreshAutoGifFooter.h */,
				6A3084271FA1AF9D00AB8675 /* MJRefreshAutoGifFooter.m */,
				6A3084281FA1AF9D00AB8675 /* MJRefreshAutoNormalFooter.h */,
				6A3084291FA1AF9D00AB8675 /* MJRefreshAutoNormalFooter.m */,
				6A30842A1FA1AF9D00AB8675 /* MJRefreshAutoStateFooter.h */,
				6A30842B1FA1AF9D00AB8675 /* MJRefreshAutoStateFooter.m */,
			);
			path = Auto;
			sourceTree = "<group>";
		};
		6A30842C1FA1AF9D00AB8675 /* Back */ = {
			isa = PBXGroup;
			children = (
				6A30842D1FA1AF9D00AB8675 /* MJRefreshBackGifFooter.h */,
				6A30842E1FA1AF9D00AB8675 /* MJRefreshBackGifFooter.m */,
				6A30842F1FA1AF9D00AB8675 /* MJRefreshBackNormalFooter.h */,
				6A3084301FA1AF9D00AB8675 /* MJRefreshBackNormalFooter.m */,
				6A3084311FA1AF9D00AB8675 /* MJRefreshBackStateFooter.h */,
				6A3084321FA1AF9D00AB8675 /* MJRefreshBackStateFooter.m */,
			);
			path = Back;
			sourceTree = "<group>";
		};
		6A3084331FA1AF9D00AB8675 /* Header */ = {
			isa = PBXGroup;
			children = (
				6A3084341FA1AF9D00AB8675 /* MJRefreshGifHeader.h */,
				6A3084351FA1AF9D00AB8675 /* MJRefreshGifHeader.m */,
				6A3084361FA1AF9D00AB8675 /* MJRefreshNormalHeader.h */,
				6A3084371FA1AF9D00AB8675 /* MJRefreshNormalHeader.m */,
				6A3084381FA1AF9D00AB8675 /* MJRefreshStateHeader.h */,
				6A3084391FA1AF9D00AB8675 /* MJRefreshStateHeader.m */,
			);
			path = Header;
			sourceTree = "<group>";
		};
		6A30845A1FA1B55600AB8675 /* HTHorizontalSelectionList */ = {
			isa = PBXGroup;
			children = (
				6A47D81E1FA6F6810051B221 /* HTHorizontalSelectionList.h */,
				6A47D81C1FA6F6800051B221 /* HTHorizontalSelectionList.m */,
				6A47D81D1FA6F6810051B221 /* HTHorizontalSelectionListScrollView.h */,
				6A47D81B1FA6F6800051B221 /* HTHorizontalSelectionListScrollView.m */,
			);
			path = HTHorizontalSelectionList;
			sourceTree = "<group>";
		};
		6A3084791FA1B83600AB8675 /* 分类  */ = {
			isa = PBXGroup;
			children = (
				6A30847C1FA1B87900AB8675 /* UIImage+Circle.h */,
				6A30847D1FA1B87900AB8675 /* UIImage+Circle.m */,
				6A30847A1FA1B87800AB8675 /* UIImage+Color.h */,
				6A30847B1FA1B87900AB8675 /* UIImage+Color.m */,
				6A3084811FA1B8B700AB8675 /* UIView+FindUIViewController.h */,
				6A3084801FA1B8B700AB8675 /* UIView+FindUIViewController.m */,
				6A3084831FA1B94800AB8675 /* UIViewController+runtime.h */,
				6A3084841FA1B94800AB8675 /* UIViewController+runtime.m */,
				6A3084891FA1B98E00AB8675 /* UIView+create.h */,
				6A3084871FA1B98E00AB8675 /* UIView+create.m */,
				6A3084881FA1B98E00AB8675 /* UIView+Size.h */,
				6A3084861FA1B98D00AB8675 /* UIView+Size.m */,
				6A30848C1FA1B9B700AB8675 /* UIButton+Block.h */,
				6A30848D1FA1B9B800AB8675 /* UIButton+Block.m */,
				6A3084901FA1B9C900AB8675 /* UIColor+extend.h */,
				6A30848F1FA1B9C800AB8675 /* UIColor+extend.m */,
				6A3084931FA1BA0D00AB8675 /* NSMutableArray+safe.h */,
				6A3084921FA1BA0C00AB8675 /* NSMutableArray+safe.m */,
				6A3084941FA1BA0D00AB8675 /* NSMutableDictionary+safe.h */,
				6A3084961FA1BA0D00AB8675 /* NSMutableDictionary+safe.m */,
				6A3084971FA1BA0E00AB8675 /* NSMutableSet+safe.h */,
				6A3084951FA1BA0D00AB8675 /* NSMutableSet+safe.m */,
				6A30849F1FA1BA4300AB8675 /* EDBase64Util.h */,
				6A30849E1FA1BA4300AB8675 /* EDBase64Util.m */,
				6A30849B1FA1BA4200AB8675 /* EDCryptoUtil.h */,
				6A30849C1FA1BA4200AB8675 /* EDCryptoUtil.m */,
				6A2B14E81FA1E28C00EF5C9C /* KeychainWrapper.h */,
				6A2B14E71FA1E28C00EF5C9C /* KeychainWrapper.m */,
				6A3084A11FA1BA4500AB8675 /* NSObject+runtime.h */,
				6A30849D1FA1BA4300AB8675 /* NSObject+runtime.m */,
				6A3084A21FA1BA4600AB8675 /* NSString+MD5.h */,
				6A3084A01FA1BA4400AB8675 /* NSString+MD5.m */,
			);
			path = "分类 ";
			sourceTree = "<group>";
		};
		6A3084B01FA1BECB00AB8675 /* NJKWebViewProgress */ = {
			isa = PBXGroup;
			children = (
				6A3084B11FA1BEF100AB8675 /* NJKWebViewProgress.h */,
				6A3084B41FA1BEF400AB8675 /* NJKWebViewProgress.m */,
				6A3084B21FA1BEF200AB8675 /* NJKWebViewProgressView.h */,
				6A3084B31FA1BEF300AB8675 /* NJKWebViewProgressView.m */,
			);
			path = NJKWebViewProgress;
			sourceTree = "<group>";
		};
		6A3084BD1FA1D6F700AB8675 /* iconFont */ = {
			isa = PBXGroup;
			children = (
				6A3084C41FA1D79900AB8675 /* TBCityIconFont.h */,
				6A3084C51FA1D79A00AB8675 /* TBCityIconFont.m */,
				6A3084C01FA1D79700AB8675 /* TBCityIconInfo.h */,
				6A3084C11FA1D79700AB8675 /* TBCityIconInfo.m */,
				6A3084C21FA1D79700AB8675 /* UIImage+TBCityIconFont.h */,
				6A3084C31FA1D79800AB8675 /* UIImage+TBCityIconFont.m */,
				6A3084BE1FA1D71B00AB8675 /* iconfont.ttf */,
			);
			path = iconFont;
			sourceTree = "<group>";
		};
		6A47E0661FA3007B0081D550 /* 消息 */ = {
			isa = PBXGroup;
			children = (
				6A47E0671FA300A10081D550 /* YYMessageViewController.h */,
				6A47E0681FA300A10081D550 /* YYMessageViewController.m */,
			);
			path = "消息";
			sourceTree = "<group>";
		};
		6AD978911FA0859D009D66AD = {
			isa = PBXGroup;
			children = (
				6AD9789C1FA0859D009D66AD /* YouYi */,
				6A3083D61FA1818A00AB8675 /* 基类 */,
				6A3083D91FA1821200AB8675 /* 自定义控件 */,
				6A3083D71FA181A400AB8675 /* 全局变量 */,
				6A3083D81FA181BE00AB8675 /* 第三方控件 */,
				6A3084791FA1B83600AB8675 /* 分类  */,
				6AD978B51FA0859D009D66AD /* YouYiTests */,
				6AD978C01FA0859D009D66AD /* YouYiUITests */,
				6AD9789B1FA0859D009D66AD /* Products */,
				36181F0C6A0065D6C90BB5C7 /* Pods */,
				E52CD2A0F63C4CBDA94C1785 /* Frameworks */,
			);
			sourceTree = "<group>";
		};
		6AD9789B1FA0859D009D66AD /* Products */ = {
			isa = PBXGroup;
			children = (
				6AD9789A1FA0859D009D66AD /* YouYi.app */,
				6AD978B21FA0859D009D66AD /* YouYiTests.xctest */,
				6AD978BD1FA0859D009D66AD /* YouYiUITests.xctest */,
			);
			name = Products;
			sourceTree = "<group>";
		};
		6AD9789C1FA0859D009D66AD /* YouYi */ = {
			isa = PBXGroup;
			children = (
				6AD9789D1FA0859D009D66AD /* AppDelegate.h */,
				6AD9789E1FA0859D009D66AD /* AppDelegate.m */,
				6A3083E01FA1864200AB8675 /* VC */,
				6A3083E11FA1866C00AB8675 /* 网络请求 */,
				6AD978A61FA0859D009D66AD /* Assets.xcassets */,
				6AD978A81FA0859D009D66AD /* LaunchScreen.storyboard */,
				6AD978AB1FA0859D009D66AD /* Info.plist */,
				6AD978AC1FA0859D009D66AD /* main.m */,
			);
			path = YouYi;
			sourceTree = "<group>";
		};
		6AD978B51FA0859D009D66AD /* YouYiTests */ = {
			isa = PBXGroup;
			children = (
				6AD978B61FA0859D009D66AD /* YouYiTests.m */,
				6AD978B81FA0859D009D66AD /* Info.plist */,
			);
			path = YouYiTests;
			sourceTree = "<group>";
		};
		6AD978C01FA0859D009D66AD /* YouYiUITests */ = {
			isa = PBXGroup;
			children = (
				6AD978C11FA0859D009D66AD /* YouYiUITests.m */,
				6AD978C31FA0859D009D66AD /* Info.plist */,
			);
			path = YouYiUITests;
			sourceTree = "<group>";
		};
		E52CD2A0F63C4CBDA94C1785 /* Frameworks */ = {
			isa = PBXGroup;
			children = (
				26C8C37D6BF13A888352C589 /* libPods-YouYi.a */,
			);
			name = Frameworks;
			sourceTree = "<group>";
		};
/* End PBXGroup section */

/* Begin PBXNativeTarget section */
		6AD978991FA0859D009D66AD /* YouYi */ = {
			isa = PBXNativeTarget;
			buildConfigurationList = 6AD978C61FA0859D009D66AD /* Build configuration list for PBXNativeTarget "YouYi" */;
			buildPhases = (
				62AA76BBFB7480BDFAE66721 /* [CP] Check Pods Manifest.lock */,
				6AD978961FA0859D009D66AD /* Sources */,
				6AD978971FA0859D009D66AD /* Frameworks */,
				6AD978981FA0859D009D66AD /* Resources */,
				6A502BBB69B099BEEA4F146C /* [CP] Embed Pods Frameworks */,
				811288F75E53598593F3E304 /* [CP] Copy Pods Resources */,
			);
			buildRules = (
			);
			dependencies = (
			);
			name = YouYi;
			productName = YouYi;
			productReference = 6AD9789A1FA0859D009D66AD /* YouYi.app */;
			productType = "com.apple.product-type.application";
		};
		6AD978B11FA0859D009D66AD /* YouYiTests */ = {
			isa = PBXNativeTarget;
			buildConfigurationList = 6AD978C91FA0859D009D66AD /* Build configuration list for PBXNativeTarget "YouYiTests" */;
			buildPhases = (
				6AD978AE1FA0859D009D66AD /* Sources */,
				6AD978AF1FA0859D009D66AD /* Frameworks */,
				6AD978B01FA0859D009D66AD /* Resources */,
			);
			buildRules = (
			);
			dependencies = (
				6AD978B41FA0859D009D66AD /* PBXTargetDependency */,
			);
			name = YouYiTests;
			productName = YouYiTests;
			productReference = 6AD978B21FA0859D009D66AD /* YouYiTests.xctest */;
			productType = "com.apple.product-type.bundle.unit-test";
		};
		6AD978BC1FA0859D009D66AD /* YouYiUITests */ = {
			isa = PBXNativeTarget;
			buildConfigurationList = 6AD978CC1FA0859D009D66AD /* Build configuration list for PBXNativeTarget "YouYiUITests" */;
			buildPhases = (
				6AD978B91FA0859D009D66AD /* Sources */,
				6AD978BA1FA0859D009D66AD /* Frameworks */,
				6AD978BB1FA0859D009D66AD /* Resources */,
			);
			buildRules = (
			);
			dependencies = (
				6AD978BF1FA0859D009D66AD /* PBXTargetDependency */,
			);
			name = YouYiUITests;
			productName = YouYiUITests;
			productReference = 6AD978BD1FA0859D009D66AD /* YouYiUITests.xctest */;
			productType = "com.apple.product-type.bundle.ui-testing";
		};
/* End PBXNativeTarget section */

/* Begin PBXProject section */
		6AD978921FA0859D009D66AD /* Project object */ = {
			isa = PBXProject;
			attributes = {
				LastUpgradeCheck = 0900;
				ORGANIZATIONNAME = com.72g.www;
				TargetAttributes = {
					6AD978991FA0859D009D66AD = {
						CreatedOnToolsVersion = 9.0.1;
						ProvisioningStyle = Automatic;
					};
					6AD978B11FA0859D009D66AD = {
						CreatedOnToolsVersion = 9.0.1;
						ProvisioningStyle = Automatic;
						TestTargetID = 6AD978991FA0859D009D66AD;
					};
					6AD978BC1FA0859D009D66AD = {
						CreatedOnToolsVersion = 9.0.1;
						ProvisioningStyle = Automatic;
						TestTargetID = 6AD978991FA0859D009D66AD;
					};
				};
			};
			buildConfigurationList = 6AD978951FA0859D009D66AD /* Build configuration list for PBXProject "YouYi" */;
			compatibilityVersion = "Xcode 8.0";
			developmentRegion = en;
			hasScannedForEncodings = 0;
			knownRegions = (
				en,
				Base,
			);
			mainGroup = 6AD978911FA0859D009D66AD;
			productRefGroup = 6AD9789B1FA0859D009D66AD /* Products */;
			projectDirPath = "";
			projectRoot = "";
			targets = (
				6AD978991FA0859D009D66AD /* YouYi */,
				6AD978B11FA0859D009D66AD /* YouYiTests */,
				6AD978BC1FA0859D009D66AD /* YouYiUITests */,
			);
		};
/* End PBXProject section */

/* Begin PBXResourcesBuildPhase section */
		6AD978981FA0859D009D66AD /* Resources */ = {
			isa = PBXResourcesBuildPhase;
			buildActionMask = 2147483647;
			files = (
				6A3084BF1FA1D73000AB8675 /* iconfont.ttf in Resources */,
				6AD978AA1FA0859D009D66AD /* LaunchScreen.storyboard in Resources */,
				6AD978A71FA0859D009D66AD /* Assets.xcassets in Resources */,
				6A3084541FA1AF9D00AB8675 /* MJRefresh.bundle in Resources */,
			);
			runOnlyForDeploymentPostprocessing = 0;
		};
		6AD978B01FA0859D009D66AD /* Resources */ = {
			isa = PBXResourcesBuildPhase;
			buildActionMask = 2147483647;
			files = (
			);
			runOnlyForDeploymentPostprocessing = 0;
		};
		6AD978BB1FA0859D009D66AD /* Resources */ = {
			isa = PBXResourcesBuildPhase;
			buildActionMask = 2147483647;
			files = (
			);
			runOnlyForDeploymentPostprocessing = 0;
		};
/* End PBXResourcesBuildPhase section */

/* Begin PBXShellScriptBuildPhase section */
		62AA76BBFB7480BDFAE66721 /* [CP] Check Pods Manifest.lock */ = {
			isa = PBXShellScriptBuildPhase;
			buildActionMask = 2147483647;
			files = (
			);
			inputPaths = (
				"${PODS_PODFILE_DIR_PATH}/Podfile.lock",
				"${PODS_ROOT}/Manifest.lock",
			);
			name = "[CP] Check Pods Manifest.lock";
			outputPaths = (
				"$(DERIVED_FILE_DIR)/Pods-YouYi-checkManifestLockResult.txt",
			);
			runOnlyForDeploymentPostprocessing = 0;
			shellPath = /bin/sh;
			shellScript = "diff \"${PODS_PODFILE_DIR_PATH}/Podfile.lock\" \"${PODS_ROOT}/Manifest.lock\" > /dev/null\nif [ $? != 0 ] ; then\n    # print error to STDERR\n    echo \"error: The sandbox is not in sync with the Podfile.lock. Run 'pod install' or update your CocoaPods installation.\" >&2\n    exit 1\nfi\n# This output is used by Xcode 'outputs' to avoid re-running this script phase.\necho \"SUCCESS\" > \"${SCRIPT_OUTPUT_FILE_0}\"\n";
			showEnvVarsInLog = 0;
		};
		6A502BBB69B099BEEA4F146C /* [CP] Embed Pods Frameworks */ = {
			isa = PBXShellScriptBuildPhase;
			buildActionMask = 2147483647;
			files = (
			);
			inputPaths = (
			);
			name = "[CP] Embed Pods Frameworks";
			outputPaths = (
			);
			runOnlyForDeploymentPostprocessing = 0;
			shellPath = /bin/sh;
			shellScript = "\"${SRCROOT}/Pods/Target Support Files/Pods-YouYi/Pods-YouYi-frameworks.sh\"\n";
			showEnvVarsInLog = 0;
		};
		811288F75E53598593F3E304 /* [CP] Copy Pods Resources */ = {
			isa = PBXShellScriptBuildPhase;
			buildActionMask = 2147483647;
			files = (
			);
			inputPaths = (
			);
			name = "[CP] Copy Pods Resources";
			outputPaths = (
			);
			runOnlyForDeploymentPostprocessing = 0;
			shellPath = /bin/sh;
			shellScript = "\"${SRCROOT}/Pods/Target Support Files/Pods-YouYi/Pods-YouYi-resources.sh\"\n";
			showEnvVarsInLog = 0;
		};
/* End PBXShellScriptBuildPhase section */

/* Begin PBXSourcesBuildPhase section */
		6AD978961FA0859D009D66AD /* Sources */ = {
			isa = PBXSourcesBuildPhase;
			buildActionMask = 2147483647;
			files = (
				6A3083F91FA189DC00AB8675 /* YYWithdrawDepositViewController.m in Sources */,
				6A3084851FA1B94800AB8675 /* UIViewController+runtime.m in Sources */,
				6A47E0691FA300A10081D550 /* YYMessageViewController.m in Sources */,
				6A7C35B71FA8181B00F277F5 /* YYGetVerificationCodeButton.m in Sources */,
				6A3084C71FA1D79B00AB8675 /* UIImage+TBCityIconFont.m in Sources */,
				6A47D8201FA6F6810051B221 /* HTHorizontalSelectionList.m in Sources */,
				6A30844E1FA1AF9D00AB8675 /* MJRefreshBackGifFooter.m in Sources */,
				6A30848A1FA1B98E00AB8675 /* UIView+Size.m in Sources */,
				6A30844B1FA1AF9D00AB8675 /* MJRefreshAutoGifFooter.m in Sources */,
				6A3084521FA1AF9D00AB8675 /* MJRefreshNormalHeader.m in Sources */,
				6A3084A31FA1BA4700AB8675 /* EDCryptoUtil.m in Sources */,
				6A3084571FA1AF9D00AB8675 /* UIScrollView+MJExtension.m in Sources */,
				6A2B14E91FA1E28C00EF5C9C /* KeychainWrapper.m in Sources */,
				6A3084911FA1B9C900AB8675 /* UIColor+extend.m in Sources */,
				6A30847F1FA1B87900AB8675 /* UIImage+Circle.m in Sources */,
				6A3083DF1FA183FD00AB8675 /* YYBaseViewController.m in Sources */,
				6A30844D1FA1AF9D00AB8675 /* MJRefreshAutoStateFooter.m in Sources */,
				6A3084B61FA1BEF400AB8675 /* NJKWebViewProgress.m in Sources */,
				6A3084C61FA1D79A00AB8675 /* TBCityIconInfo.m in Sources */,
				6A3084581FA1AF9D00AB8675 /* UIScrollView+MJRefresh.m in Sources */,
				6A3084551FA1AF9D00AB8675 /* MJRefreshConst.m in Sources */,
				6A3084AC1FA1BAE400AB8675 /* YYDeviceInfo.m in Sources */,
				6A3084A91FA1BABE00AB8675 /* YYGlobal.m in Sources */,
				6A3083F31FA1899F00AB8675 /* YYHomePageViewController.m in Sources */,
				6A47D81F1FA6F6810051B221 /* HTHorizontalSelectionListScrollView.m in Sources */,
				6A3083F61FA189BC00AB8675 /* YYInvestmentViewController.m in Sources */,
				6A30848E1FA1B9B800AB8675 /* UIButton+Block.m in Sources */,
				6A7C35BA1FA8329400F277F5 /* YYActionButton.m in Sources */,
				6A3084991FA1BA0E00AB8675 /* NSMutableSet+safe.m in Sources */,
				6A3084511FA1AF9D00AB8675 /* MJRefreshGifHeader.m in Sources */,
				6A3084491FA1AF9D00AB8675 /* MJRefreshFooter.m in Sources */,
				6A3084981FA1BA0E00AB8675 /* NSMutableArray+safe.m in Sources */,
				6A47E06C1FA306A20081D550 /* YYBaseNavigationController.m in Sources */,
				6A3084531FA1AF9D00AB8675 /* MJRefreshStateHeader.m in Sources */,
				6AD978AD1FA0859D009D66AD /* main.m in Sources */,
				6A3084A51FA1BA4700AB8675 /* EDBase64Util.m in Sources */,
				6A5F347F1FA6BA4E00FED9EF /* YYPesonalCenterTableViewCell.m in Sources */,
				6A3084A61FA1BA4700AB8675 /* NSString+MD5.m in Sources */,
				6A30849A1FA1BA0E00AB8675 /* NSMutableDictionary+safe.m in Sources */,
				6A3084BC1FA1C08000AB8675 /* YYWebViewController.m in Sources */,
				6A3084C81FA1D79B00AB8675 /* TBCityIconFont.m in Sources */,
				6A3084B51FA1BEF400AB8675 /* NJKWebViewProgressView.m in Sources */,
				6A3084481FA1AF9D00AB8675 /* MJRefreshComponent.m in Sources */,
				6A5F34851FA6CE4300FED9EF /* YYSignInViewController.m in Sources */,
				6A3084501FA1AF9D00AB8675 /* MJRefreshBackStateFooter.m in Sources */,
				6A30844A1FA1AF9D00AB8675 /* MJRefreshHeader.m in Sources */,
				6A3083FC1FA18A0700AB8675 /* YYPesonalCenterViewController.m in Sources */,
				6A30844C1FA1AF9D00AB8675 /* MJRefreshAutoNormalFooter.m in Sources */,
				6A3084A41FA1BA4700AB8675 /* NSObject+runtime.m in Sources */,
				6A3084561FA1AF9D00AB8675 /* NSBundle+MJRefresh.m in Sources */,
				6A30848B1FA1B98E00AB8675 /* UIView+create.m in Sources */,
				6A3084591FA1AF9D00AB8675 /* UIView+MJExtension.m in Sources */,
				6A3084821FA1B8B800AB8675 /* UIView+FindUIViewController.m in Sources */,
				6A3084461FA1AF9D00AB8675 /* MJRefreshAutoFooter.m in Sources */,
				6A30844F1FA1AF9D00AB8675 /* MJRefreshBackNormalFooter.m in Sources */,
				6A30847E1FA1B87900AB8675 /* UIImage+Color.m in Sources */,
				6A5F34881FA6CE5100FED9EF /* YYSingUpViewController.m in Sources */,
				6A3084AF1FA1BB0F00AB8675 /* YYClientInfo.m in Sources */,
				6A3084471FA1AF9D00AB8675 /* MJRefreshBackFooter.m in Sources */,
				6AD9789F1FA0859D009D66AD /* AppDelegate.m in Sources */,
			);
			runOnlyForDeploymentPostprocessing = 0;
		};
		6AD978AE1FA0859D009D66AD /* Sources */ = {
			isa = PBXSourcesBuildPhase;
			buildActionMask = 2147483647;
			files = (
				6AD978B71FA0859D009D66AD /* YouYiTests.m in Sources */,
			);
			runOnlyForDeploymentPostprocessing = 0;
		};
		6AD978B91FA0859D009D66AD /* Sources */ = {
			isa = PBXSourcesBuildPhase;
			buildActionMask = 2147483647;
			files = (
				6AD978C21FA0859D009D66AD /* YouYiUITests.m in Sources */,
			);
			runOnlyForDeploymentPostprocessing = 0;
		};
/* End PBXSourcesBuildPhase section */

/* Begin PBXTargetDependency section */
		6AD978B41FA0859D009D66AD /* PBXTargetDependency */ = {
			isa = PBXTargetDependency;
			target = 6AD978991FA0859D009D66AD /* YouYi */;
			targetProxy = 6AD978B31FA0859D009D66AD /* PBXContainerItemProxy */;
		};
		6AD978BF1FA0859D009D66AD /* PBXTargetDependency */ = {
			isa = PBXTargetDependency;
			target = 6AD978991FA0859D009D66AD /* YouYi */;
			targetProxy = 6AD978BE1FA0859D009D66AD /* PBXContainerItemProxy */;
		};
/* End PBXTargetDependency section */

/* Begin PBXVariantGroup section */
		6AD978A81FA0859D009D66AD /* LaunchScreen.storyboard */ = {
			isa = PBXVariantGroup;
			children = (
				6AD978A91FA0859D009D66AD /* Base */,
			);
			name = LaunchScreen.storyboard;
			sourceTree = "<group>";
		};
/* End PBXVariantGroup section */

/* Begin XCBuildConfiguration section */
		6AD978C41FA0859D009D66AD /* Debug */ = {
			isa = XCBuildConfiguration;
			buildSettings = {
				ALWAYS_SEARCH_USER_PATHS = NO;
				CLANG_ANALYZER_NONNULL = YES;
				CLANG_ANALYZER_NUMBER_OBJECT_CONVERSION = YES_AGGRESSIVE;
				CLANG_CXX_LANGUAGE_STANDARD = "gnu++14";
				CLANG_CXX_LIBRARY = "libc++";
				CLANG_ENABLE_MODULES = YES;
				CLANG_ENABLE_OBJC_ARC = YES;
				CLANG_WARN_BLOCK_CAPTURE_AUTORELEASING = YES;
				CLANG_WARN_BOOL_CONVERSION = YES;
				CLANG_WARN_COMMA = YES;
				CLANG_WARN_CONSTANT_CONVERSION = YES;
				CLANG_WARN_DIRECT_OBJC_ISA_USAGE = YES_ERROR;
				CLANG_WARN_DOCUMENTATION_COMMENTS = YES;
				CLANG_WARN_EMPTY_BODY = YES;
				CLANG_WARN_ENUM_CONVERSION = YES;
				CLANG_WARN_INFINITE_RECURSION = YES;
				CLANG_WARN_INT_CONVERSION = YES;
				CLANG_WARN_NON_LITERAL_NULL_CONVERSION = YES;
				CLANG_WARN_OBJC_LITERAL_CONVERSION = YES;
				CLANG_WARN_OBJC_ROOT_CLASS = YES_ERROR;
				CLANG_WARN_RANGE_LOOP_ANALYSIS = YES;
				CLANG_WARN_STRICT_PROTOTYPES = YES;
				CLANG_WARN_SUSPICIOUS_MOVE = YES;
				CLANG_WARN_UNGUARDED_AVAILABILITY = YES_AGGRESSIVE;
				CLANG_WARN_UNREACHABLE_CODE = YES;
				CLANG_WARN__DUPLICATE_METHOD_MATCH = YES;
				CODE_SIGN_IDENTITY = "iPhone Developer";
				COPY_PHASE_STRIP = NO;
				DEBUG_INFORMATION_FORMAT = dwarf;
				ENABLE_STRICT_OBJC_MSGSEND = YES;
				ENABLE_TESTABILITY = YES;
				GCC_C_LANGUAGE_STANDARD = gnu11;
				GCC_DYNAMIC_NO_PIC = NO;
				GCC_NO_COMMON_BLOCKS = YES;
				GCC_OPTIMIZATION_LEVEL = 0;
				GCC_PREPROCESSOR_DEFINITIONS = (
					"DEBUG=1",
					"$(inherited)",
				);
				GCC_WARN_64_TO_32_BIT_CONVERSION = YES;
				GCC_WARN_ABOUT_RETURN_TYPE = YES_ERROR;
				GCC_WARN_UNDECLARED_SELECTOR = YES;
				GCC_WARN_UNINITIALIZED_AUTOS = YES_AGGRESSIVE;
				GCC_WARN_UNUSED_FUNCTION = YES;
				GCC_WARN_UNUSED_VARIABLE = YES;
				IPHONEOS_DEPLOYMENT_TARGET = 11.0;
				MTL_ENABLE_DEBUG_INFO = YES;
				ONLY_ACTIVE_ARCH = YES;
				SDKROOT = iphoneos;
			};
			name = Debug;
		};
		6AD978C51FA0859D009D66AD /* Release */ = {
			isa = XCBuildConfiguration;
			buildSettings = {
				ALWAYS_SEARCH_USER_PATHS = NO;
				CLANG_ANALYZER_NONNULL = YES;
				CLANG_ANALYZER_NUMBER_OBJECT_CONVERSION = YES_AGGRESSIVE;
				CLANG_CXX_LANGUAGE_STANDARD = "gnu++14";
				CLANG_CXX_LIBRARY = "libc++";
				CLANG_ENABLE_MODULES = YES;
				CLANG_ENABLE_OBJC_ARC = YES;
				CLANG_WARN_BLOCK_CAPTURE_AUTORELEASING = YES;
				CLANG_WARN_BOOL_CONVERSION = YES;
				CLANG_WARN_COMMA = YES;
				CLANG_WARN_CONSTANT_CONVERSION = YES;
				CLANG_WARN_DIRECT_OBJC_ISA_USAGE = YES_ERROR;
				CLANG_WARN_DOCUMENTATION_COMMENTS = YES;
				CLANG_WARN_EMPTY_BODY = YES;
				CLANG_WARN_ENUM_CONVERSION = YES;
				CLANG_WARN_INFINITE_RECURSION = YES;
				CLANG_WARN_INT_CONVERSION = YES;
				CLANG_WARN_NON_LITERAL_NULL_CONVERSION = YES;
				CLANG_WARN_OBJC_LITERAL_CONVERSION = YES;
				CLANG_WARN_OBJC_ROOT_CLASS = YES_ERROR;
				CLANG_WARN_RANGE_LOOP_ANALYSIS = YES;
				CLANG_WARN_STRICT_PROTOTYPES = YES;
				CLANG_WARN_SUSPICIOUS_MOVE = YES;
				CLANG_WARN_UNGUARDED_AVAILABILITY = YES_AGGRESSIVE;
				CLANG_WARN_UNREACHABLE_CODE = YES;
				CLANG_WARN__DUPLICATE_METHOD_MATCH = YES;
				CODE_SIGN_IDENTITY = "iPhone Developer";
				COPY_PHASE_STRIP = NO;
				DEBUG_INFORMATION_FORMAT = "dwarf-with-dsym";
				ENABLE_NS_ASSERTIONS = NO;
				ENABLE_STRICT_OBJC_MSGSEND = YES;
				GCC_C_LANGUAGE_STANDARD = gnu11;
				GCC_NO_COMMON_BLOCKS = YES;
				GCC_WARN_64_TO_32_BIT_CONVERSION = YES;
				GCC_WARN_ABOUT_RETURN_TYPE = YES_ERROR;
				GCC_WARN_UNDECLARED_SELECTOR = YES;
				GCC_WARN_UNINITIALIZED_AUTOS = YES_AGGRESSIVE;
				GCC_WARN_UNUSED_FUNCTION = YES;
				GCC_WARN_UNUSED_VARIABLE = YES;
				IPHONEOS_DEPLOYMENT_TARGET = 11.0;
				MTL_ENABLE_DEBUG_INFO = NO;
				SDKROOT = iphoneos;
				VALIDATE_PRODUCT = YES;
			};
			name = Release;
		};
		6AD978C71FA0859D009D66AD /* Debug */ = {
			isa = XCBuildConfiguration;
			baseConfigurationReference = FF91631748C767622EE46FA1 /* Pods-YouYi.debug.xcconfig */;
			buildSettings = {
				ASSETCATALOG_COMPILER_APPICON_NAME = AppIcon;
				CODE_SIGN_STYLE = Automatic;
				DEVELOPMENT_TEAM = R6E7L98D5E;
				GCC_PRECOMPILE_PREFIX_HEADER = YES;
				GCC_PREFIX_HEADER = "$(SRCROOT)/全局变量/PrefixHeader.pch";
				INFOPLIST_FILE = YouYi/Info.plist;
				IPHONEOS_DEPLOYMENT_TARGET = 8.0;
				LD_RUNPATH_SEARCH_PATHS = "$(inherited) @executable_path/Frameworks";
				PRODUCT_BUNDLE_IDENTIFIER = com.72g.www.YouYi;
				PRODUCT_NAME = "$(TARGET_NAME)";
				TARGETED_DEVICE_FAMILY = 1;
			};
			name = Debug;
		};
		6AD978C81FA0859D009D66AD /* Release */ = {
			isa = XCBuildConfiguration;
			baseConfigurationReference = 1167FE9A48E21A23E1D4ED48 /* Pods-YouYi.release.xcconfig */;
			buildSettings = {
				ASSETCATALOG_COMPILER_APPICON_NAME = AppIcon;
				CODE_SIGN_STYLE = Automatic;
				DEVELOPMENT_TEAM = R6E7L98D5E;
				GCC_PRECOMPILE_PREFIX_HEADER = YES;
				GCC_PREFIX_HEADER = "$(SRCROOT)/全局变量/PrefixHeader.pch";
				INFOPLIST_FILE = YouYi/Info.plist;
				IPHONEOS_DEPLOYMENT_TARGET = 8.0;
				LD_RUNPATH_SEARCH_PATHS = "$(inherited) @executable_path/Frameworks";
				PRODUCT_BUNDLE_IDENTIFIER = com.72g.www.YouYi;
				PRODUCT_NAME = "$(TARGET_NAME)";
				TARGETED_DEVICE_FAMILY = 1;
			};
			name = Release;
		};
		6AD978CA1FA0859D009D66AD /* Debug */ = {
			isa = XCBuildConfiguration;
			buildSettings = {
				BUNDLE_LOADER = "$(TEST_HOST)";
				CODE_SIGN_STYLE = Automatic;
				DEVELOPMENT_TEAM = R6E7L98D5E;
				INFOPLIST_FILE = YouYiTests/Info.plist;
				LD_RUNPATH_SEARCH_PATHS = "$(inherited) @executable_path/Frameworks @loader_path/Frameworks";
				PRODUCT_BUNDLE_IDENTIFIER = com.72g.www.YouYiTests;
				PRODUCT_NAME = "$(TARGET_NAME)";
				TARGETED_DEVICE_FAMILY = "1,2";
				TEST_HOST = "$(BUILT_PRODUCTS_DIR)/YouYi.app/YouYi";
			};
			name = Debug;
		};
		6AD978CB1FA0859D009D66AD /* Release */ = {
			isa = XCBuildConfiguration;
			buildSettings = {
				BUNDLE_LOADER = "$(TEST_HOST)";
				CODE_SIGN_STYLE = Automatic;
				DEVELOPMENT_TEAM = R6E7L98D5E;
				INFOPLIST_FILE = YouYiTests/Info.plist;
				LD_RUNPATH_SEARCH_PATHS = "$(inherited) @executable_path/Frameworks @loader_path/Frameworks";
				PRODUCT_BUNDLE_IDENTIFIER = com.72g.www.YouYiTests;
				PRODUCT_NAME = "$(TARGET_NAME)";
				TARGETED_DEVICE_FAMILY = "1,2";
				TEST_HOST = "$(BUILT_PRODUCTS_DIR)/YouYi.app/YouYi";
			};
			name = Release;
		};
		6AD978CD1FA0859D009D66AD /* Debug */ = {
			isa = XCBuildConfiguration;
			buildSettings = {
				CODE_SIGN_STYLE = Automatic;
				DEVELOPMENT_TEAM = R6E7L98D5E;
				INFOPLIST_FILE = YouYiUITests/Info.plist;
				LD_RUNPATH_SEARCH_PATHS = "$(inherited) @executable_path/Frameworks @loader_path/Frameworks";
				PRODUCT_BUNDLE_IDENTIFIER = com.72g.www.YouYiUITests;
				PRODUCT_NAME = "$(TARGET_NAME)";
				TARGETED_DEVICE_FAMILY = "1,2";
				TEST_TARGET_NAME = YouYi;
			};
			name = Debug;
		};
		6AD978CE1FA0859D009D66AD /* Release */ = {
			isa = XCBuildConfiguration;
			buildSettings = {
				CODE_SIGN_STYLE = Automatic;
				DEVELOPMENT_TEAM = R6E7L98D5E;
				INFOPLIST_FILE = YouYiUITests/Info.plist;
				LD_RUNPATH_SEARCH_PATHS = "$(inherited) @executable_path/Frameworks @loader_path/Frameworks";
				PRODUCT_BUNDLE_IDENTIFIER = com.72g.www.YouYiUITests;
				PRODUCT_NAME = "$(TARGET_NAME)";
				TARGETED_DEVICE_FAMILY = "1,2";
				TEST_TARGET_NAME = YouYi;
			};
			name = Release;
		};
/* End XCBuildConfiguration section */

/* Begin XCConfigurationList section */
		6AD978951FA0859D009D66AD /* Build configuration list for PBXProject "YouYi" */ = {
			isa = XCConfigurationList;
			buildConfigurations = (
				6AD978C41FA0859D009D66AD /* Debug */,
				6AD978C51FA0859D009D66AD /* Release */,
			);
			defaultConfigurationIsVisible = 0;
			defaultConfigurationName = Release;
		};
		6AD978C61FA0859D009D66AD /* Build configuration list for PBXNativeTarget "YouYi" */ = {
			isa = XCConfigurationList;
			buildConfigurations = (
				6AD978C71FA0859D009D66AD /* Debug */,
				6AD978C81FA0859D009D66AD /* Release */,
			);
			defaultConfigurationIsVisible = 0;
			defaultConfigurationName = Release;
		};
		6AD978C91FA0859D009D66AD /* Build configuration list for PBXNativeTarget "YouYiTests" */ = {
			isa = XCConfigurationList;
			buildConfigurations = (
				6AD978CA1FA0859D009D66AD /* Debug */,
				6AD978CB1FA0859D009D66AD /* Release */,
			);
			defaultConfigurationIsVisible = 0;
			defaultConfigurationName = Release;
		};
		6AD978CC1FA0859D009D66AD /* Build configuration list for PBXNativeTarget "YouYiUITests" */ = {
			isa = XCConfigurationList;
			buildConfigurations = (
				6AD978CD1FA0859D009D66AD /* Debug */,
				6AD978CE1FA0859D009D66AD /* Release */,
			);
			defaultConfigurationIsVisible = 0;
			defaultConfigurationName = Release;
		};
/* End XCConfigurationList section */
	};
	rootObject = 6AD978921FA0859D009D66AD /* Project object */;
}
